// !$*UTF8*$!
{
	archiveVersion = 1;
	classes = {
	};
	objectVersion = 56;
	objects = {

/* Begin PBXBuildFile section */
		5602EE5C2B1704C100B2BBF1 /* UICountdownViewController.swift in Sources */ = {isa = PBXBuildFile; fileRef = 5602EE5B2B1704C100B2BBF1 /* UICountdownViewController.swift */; };
		5602EE622B1705C800B2BBF1 /* UICountdownViewController.xib in Resources */ = {isa = PBXBuildFile; fileRef = 5602EE612B1705C800B2BBF1 /* UICountdownViewController.xib */; };
		5629934C2B1671F300881E6F /* TeamCAppApp.swift in Sources */ = {isa = PBXBuildFile; fileRef = 5629934B2B1671F300881E6F /* TeamCAppApp.swift */; };
		5629934E2B1671F300881E6F /* ContentView.swift in Sources */ = {isa = PBXBuildFile; fileRef = 5629934D2B1671F300881E6F /* ContentView.swift */; };
		562993502B1671F400881E6F /* Assets.xcassets in Resources */ = {isa = PBXBuildFile; fileRef = 5629934F2B1671F400881E6F /* Assets.xcassets */; };
		562993532B1671F400881E6F /* Preview Assets.xcassets in Resources */ = {isa = PBXBuildFile; fileRef = 562993522B1671F400881E6F /* Preview Assets.xcassets */; };
		5629935B2B16723400881E6F /* TeamCLibrary in Frameworks */ = {isa = PBXBuildFile; productRef = 5629935A2B16723400881E6F /* TeamCLibrary */; };
		5629935D2B16812700881E6F /* Farms.swift in Sources */ = {isa = PBXBuildFile; fileRef = 5629935C2B16812700881E6F /* Farms.swift */; };
		562993612B16F4BB00881E6F /* YoyakuViewController.swift in Sources */ = {isa = PBXBuildFile; fileRef = 562993602B16F4BB00881E6F /* YoyakuViewController.swift */; };
		562993632B16F5CE00881E6F /* YoyakuViewController.xib in Resources */ = {isa = PBXBuildFile; fileRef = 562993622B16F5CE00881E6F /* YoyakuViewController.xib */; };
		569FB2C62B1AAD4C00A092B2 /* TeamCLibrary in Frameworks */ = {isa = PBXBuildFile; productRef = 569FB2C52B1AAD4C00A092B2 /* TeamCLibrary */; };
/* End PBXBuildFile section */

/* Begin PBXFileReference section */
		5602EE5B2B1704C100B2BBF1 /* UICountdownViewController.swift */ = {isa = PBXFileReference; lastKnownFileType = sourcecode.swift; path = UICountdownViewController.swift; sourceTree = "<group>"; };
		5602EE612B1705C800B2BBF1 /* UICountdownViewController.xib */ = {isa = PBXFileReference; lastKnownFileType = file.xib; path = UICountdownViewController.xib; sourceTree = "<group>"; };
		562993482B1671F300881E6F /* TeamCApp.app */ = {isa = PBXFileReference; explicitFileType = wrapper.application; includeInIndex = 0; path = TeamCApp.app; sourceTree = BUILT_PRODUCTS_DIR; };
		5629934B2B1671F300881E6F /* TeamCAppApp.swift */ = {isa = PBXFileReference; lastKnownFileType = sourcecode.swift; path = TeamCAppApp.swift; sourceTree = "<group>"; };
		5629934D2B1671F300881E6F /* ContentView.swift */ = {isa = PBXFileReference; lastKnownFileType = sourcecode.swift; path = ContentView.swift; sourceTree = "<group>"; };
		5629934F2B1671F400881E6F /* Assets.xcassets */ = {isa = PBXFileReference; lastKnownFileType = folder.assetcatalog; path = Assets.xcassets; sourceTree = "<group>"; };
		562993522B1671F400881E6F /* Preview Assets.xcassets */ = {isa = PBXFileReference; lastKnownFileType = folder.assetcatalog; path = "Preview Assets.xcassets"; sourceTree = "<group>"; };
		5629935C2B16812700881E6F /* Farms.swift */ = {isa = PBXFileReference; lastKnownFileType = sourcecode.swift; path = Farms.swift; sourceTree = "<group>"; };
		562993602B16F4BB00881E6F /* YoyakuViewController.swift */ = {isa = PBXFileReference; lastKnownFileType = sourcecode.swift; path = YoyakuViewController.swift; sourceTree = "<group>"; };
		562993622B16F5CE00881E6F /* YoyakuViewController.xib */ = {isa = PBXFileReference; lastKnownFileType = file.xib; path = YoyakuViewController.xib; sourceTree = "<group>"; };
/* End PBXFileReference section */

/* Begin PBXFrameworksBuildPhase section */
		562993452B1671F300881E6F /* Frameworks */ = {
			isa = PBXFrameworksBuildPhase;
			buildActionMask = 2147483647;
			files = (
				5629935B2B16723400881E6F /* TeamCLibrary in Frameworks */,
				569FB2C62B1AAD4C00A092B2 /* TeamCLibrary in Frameworks */,
			);
			runOnlyForDeploymentPostprocessing = 0;
		};
/* End PBXFrameworksBuildPhase section */

/* Begin PBXGroup section */
		5602EE5D2B1704C600B2BBF1 /* CountdownViewController */ = {
			isa = PBXGroup;
			children = (
				5602EE5B2B1704C100B2BBF1 /* UICountdownViewController.swift */,
				5602EE612B1705C800B2BBF1 /* UICountdownViewController.xib */,
			);
			path = CountdownViewController;
			sourceTree = "<group>";
		};
		5602EE5E2B1704CE00B2BBF1 /* YoyakuViewController */ = {
			isa = PBXGroup;
			children = (
				562993602B16F4BB00881E6F /* YoyakuViewController.swift */,
				562993622B16F5CE00881E6F /* YoyakuViewController.xib */,
			);
			path = YoyakuViewController;
			sourceTree = "<group>";
		};
		5602EE5F2B1704DA00B2BBF1 /* Model */ = {
			isa = PBXGroup;
			children = (
				5629935C2B16812700881E6F /* Farms.swift */,
			);
			path = Model;
			sourceTree = "<group>";
		};
		5602EE602B1704E300B2BBF1 /* View */ = {
			isa = PBXGroup;
			children = (
				5629934D2B1671F300881E6F /* ContentView.swift */,
			);
			path = View;
			sourceTree = "<group>";
		};
		5629933F2B1671F300881E6F = {
			isa = PBXGroup;
			children = (
				5629934A2B1671F300881E6F /* TeamCApp */,
				562993492B1671F300881E6F /* Products */,
			);
			sourceTree = "<group>";
		};
		562993492B1671F300881E6F /* Products */ = {
			isa = PBXGroup;
			children = (
				562993482B1671F300881E6F /* TeamCApp.app */,
			);
			name = Products;
			sourceTree = "<group>";
		};
		5629934A2B1671F300881E6F /* TeamCApp */ = {
			isa = PBXGroup;
			children = (
				5629934B2B1671F300881E6F /* TeamCAppApp.swift */,
				5602EE602B1704E300B2BBF1 /* View */,
				5602EE5F2B1704DA00B2BBF1 /* Model */,
				5602EE5E2B1704CE00B2BBF1 /* YoyakuViewController */,
				5602EE5D2B1704C600B2BBF1 /* CountdownViewController */,
				5629934F2B1671F400881E6F /* Assets.xcassets */,
				562993512B1671F400881E6F /* Preview Content */,
			);
			path = TeamCApp;
			sourceTree = "<group>";
		};
		562993512B1671F400881E6F /* Preview Content */ = {
			isa = PBXGroup;
			children = (
				562993522B1671F400881E6F /* Preview Assets.xcassets */,
			);
			path = "Preview Content";
			sourceTree = "<group>";
		};
/* End PBXGroup section */

/* Begin PBXNativeTarget section */
		562993472B1671F300881E6F /* TeamCApp */ = {
			isa = PBXNativeTarget;
			buildConfigurationList = 562993562B1671F400881E6F /* Build configuration list for PBXNativeTarget "TeamCApp" */;
			buildPhases = (
				562993442B1671F300881E6F /* Sources */,
				562993452B1671F300881E6F /* Frameworks */,
				562993462B1671F300881E6F /* Resources */,
			);
			buildRules = (
			);
			dependencies = (
			);
			name = TeamCApp;
			packageProductDependencies = (
				5629935A2B16723400881E6F /* TeamCLibrary */,
				569FB2C52B1AAD4C00A092B2 /* TeamCLibrary */,
			);
			productName = TeamCApp;
			productReference = 562993482B1671F300881E6F /* TeamCApp.app */;
			productType = "com.apple.product-type.application";
		};
/* End PBXNativeTarget section */

/* Begin PBXProject section */
		562993402B1671F300881E6F /* Project object */ = {
			isa = PBXProject;
			attributes = {
				BuildIndependentTargetsInParallel = 1;
				LastSwiftUpdateCheck = 1510;
				LastUpgradeCheck = 1510;
				TargetAttributes = {
					562993472B1671F300881E6F = {
						CreatedOnToolsVersion = 15.1;
					};
				};
			};
			buildConfigurationList = 562993432B1671F300881E6F /* Build configuration list for PBXProject "TeamCApp" */;
			compatibilityVersion = "Xcode 14.0";
			developmentRegion = en;
			hasScannedForEncodings = 0;
			knownRegions = (
				en,
				Base,
			);
			mainGroup = 5629933F2B1671F300881E6F;
			packageReferences = (
				569FB2C42B1AAD4C00A092B2 /* XCRemoteSwiftPackageReference "ym-teamc-library" */,
			);
			productRefGroup = 562993492B1671F300881E6F /* Products */;
			projectDirPath = "";
			projectRoot = "";
			targets = (
				562993472B1671F300881E6F /* TeamCApp */,
			);
		};
/* End PBXProject section */

/* Begin PBXResourcesBuildPhase section */
		562993462B1671F300881E6F /* Resources */ = {
			isa = PBXResourcesBuildPhase;
			buildActionMask = 2147483647;
			files = (
				562993532B1671F400881E6F /* Preview Assets.xcassets in Resources */,
				562993632B16F5CE00881E6F /* YoyakuViewController.xib in Resources */,
				5602EE622B1705C800B2BBF1 /* UICountdownViewController.xib in Resources */,
				562993502B1671F400881E6F /* Assets.xcassets in Resources */,
			);
			runOnlyForDeploymentPostprocessing = 0;
		};
/* End PBXResourcesBuildPhase section */

/* Begin PBXSourcesBuildPhase section */
		562993442B1671F300881E6F /* Sources */ = {
			isa = PBXSourcesBuildPhase;
			buildActionMask = 2147483647;
			files = (
				5629935D2B16812700881E6F /* Farms.swift in Sources */,
				5602EE5C2B1704C100B2BBF1 /* UICountdownViewController.swift in Sources */,
				5629934E2B1671F300881E6F /* ContentView.swift in Sources */,
				562993612B16F4BB00881E6F /* YoyakuViewController.swift in Sources */,
				5629934C2B1671F300881E6F /* TeamCAppApp.swift in Sources */,
			);
			runOnlyForDeploymentPostprocessing = 0;
		};
/* End PBXSourcesBuildPhase section */

/* Begin XCBuildConfiguration section */
		562993542B1671F400881E6F /* Debug */ = {
			isa = XCBuildConfiguration;
			buildSettings = {
				ALWAYS_SEARCH_USER_PATHS = NO;
				ASSETCATALOG_COMPILER_GENERATE_SWIFT_ASSET_SYMBOL_EXTENSIONS = YES;
				CLANG_ANALYZER_NONNULL = YES;
				CLANG_ANALYZER_NUMBER_OBJECT_CONVERSION = YES_AGGRESSIVE;
				CLANG_CXX_LANGUAGE_STANDARD = "gnu++20";
				CLANG_ENABLE_MODULES = YES;
				CLANG_ENABLE_OBJC_ARC = YES;
				CLANG_ENABLE_OBJC_WEAK = YES;
				CLANG_WARN_BLOCK_CAPTURE_AUTORELEASING = YES;
				CLANG_WARN_BOOL_CONVERSION = YES;
				CLANG_WARN_COMMA = YES;
				CLANG_WARN_CONSTANT_CONVERSION = YES;
				CLANG_WARN_DEPRECATED_OBJC_IMPLEMENTATIONS = YES;
				CLANG_WARN_DIRECT_OBJC_ISA_USAGE = YES_ERROR;
				CLANG_WARN_DOCUMENTATION_COMMENTS = YES;
				CLANG_WARN_EMPTY_BODY = YES;
				CLANG_WARN_ENUM_CONVERSION = YES;
				CLANG_WARN_INFINITE_RECURSION = YES;
				CLANG_WARN_INT_CONVERSION = YES;
				CLANG_WARN_NON_LITERAL_NULL_CONVERSION = YES;
				CLANG_WARN_OBJC_IMPLICIT_RETAIN_SELF = YES;
				CLANG_WARN_OBJC_LITERAL_CONVERSION = YES;
				CLANG_WARN_OBJC_ROOT_CLASS = YES_ERROR;
				CLANG_WARN_QUOTED_INCLUDE_IN_FRAMEWORK_HEADER = YES;
				CLANG_WARN_RANGE_LOOP_ANALYSIS = YES;
				CLANG_WARN_STRICT_PROTOTYPES = YES;
				CLANG_WARN_SUSPICIOUS_MOVE = YES;
				CLANG_WARN_UNGUARDED_AVAILABILITY = YES_AGGRESSIVE;
				CLANG_WARN_UNREACHABLE_CODE = YES;
				CLANG_WARN__DUPLICATE_METHOD_MATCH = YES;
				COPY_PHASE_STRIP = NO;
				DEBUG_INFORMATION_FORMAT = dwarf;
				ENABLE_STRICT_OBJC_MSGSEND = YES;
				ENABLE_TESTABILITY = YES;
				ENABLE_USER_SCRIPT_SANDBOXING = YES;
				GCC_C_LANGUAGE_STANDARD = gnu17;
				GCC_DYNAMIC_NO_PIC = NO;
				GCC_NO_COMMON_BLOCKS = YES;
				GCC_OPTIMIZATION_LEVEL = 0;
				GCC_PREPROCESSOR_DEFINITIONS = (
					"DEBUG=1",
					"$(inherited)",
				);
				GCC_WARN_64_TO_32_BIT_CONVERSION = YES;
				GCC_WARN_ABOUT_RETURN_TYPE = YES_ERROR;
				GCC_WARN_UNDECLARED_SELECTOR = YES;
				GCC_WARN_UNINITIALIZED_AUTOS = YES_AGGRESSIVE;
				GCC_WARN_UNUSED_FUNCTION = YES;
				GCC_WARN_UNUSED_VARIABLE = YES;
				IPHONEOS_DEPLOYMENT_TARGET = 17.2;
				LOCALIZATION_PREFERS_STRING_CATALOGS = YES;
				MTL_ENABLE_DEBUG_INFO = INCLUDE_SOURCE;
				MTL_FAST_MATH = YES;
				ONLY_ACTIVE_ARCH = YES;
				SDKROOT = iphoneos;
				SWIFT_ACTIVE_COMPILATION_CONDITIONS = "DEBUG $(inherited)";
				SWIFT_OPTIMIZATION_LEVEL = "-Onone";
			};
			name = Debug;
		};
		562993552B1671F400881E6F /* Release */ = {
			isa = XCBuildConfiguration;
			buildSettings = {
				ALWAYS_SEARCH_USER_PATHS = NO;
				ASSETCATALOG_COMPILER_GENERATE_SWIFT_ASSET_SYMBOL_EXTENSIONS = YES;
				CLANG_ANALYZER_NONNULL = YES;
				CLANG_ANALYZER_NUMBER_OBJECT_CONVERSION = YES_AGGRESSIVE;
				CLANG_CXX_LANGUAGE_STANDARD = "gnu++20";
				CLANG_ENABLE_MODULES = YES;
				CLANG_ENABLE_OBJC_ARC = YES;
				CLANG_ENABLE_OBJC_WEAK = YES;
				CLANG_WARN_BLOCK_CAPTURE_AUTORELEASING = YES;
				CLANG_WARN_BOOL_CONVERSION = YES;
				CLANG_WARN_COMMA = YES;
				CLANG_WARN_CONSTANT_CONVERSION = YES;
				CLANG_WARN_DEPRECATED_OBJC_IMPLEMENTATIONS = YES;
				CLANG_WARN_DIRECT_OBJC_ISA_USAGE = YES_ERROR;
				CLANG_WARN_DOCUMENTATION_COMMENTS = YES;
				CLANG_WARN_EMPTY_BODY = YES;
				CLANG_WARN_ENUM_CONVERSION = YES;
				CLANG_WARN_INFINITE_RECURSION = YES;
				CLANG_WARN_INT_CONVERSION = YES;
				CLANG_WARN_NON_LITERAL_NULL_CONVERSION = YES;
				CLANG_WARN_OBJC_IMPLICIT_RETAIN_SELF = YES;
				CLANG_WARN_OBJC_LITERAL_CONVERSION = YES;
				CLANG_WARN_OBJC_ROOT_CLASS = YES_ERROR;
				CLANG_WARN_QUOTED_INCLUDE_IN_FRAMEWORK_HEADER = YES;
				CLANG_WARN_RANGE_LOOP_ANALYSIS = YES;
				CLANG_WARN_STRICT_PROTOTYPES = YES;
				CLANG_WARN_SUSPICIOUS_MOVE = YES;
				CLANG_WARN_UNGUARDED_AVAILABILITY = YES_AGGRESSIVE;
				CLANG_WARN_UNREACHABLE_CODE = YES;
				CLANG_WARN__DUPLICATE_METHOD_MATCH = YES;
				COPY_PHASE_STRIP = NO;
				DEBUG_INFORMATION_FORMAT = "dwarf-with-dsym";
				ENABLE_NS_ASSERTIONS = NO;
				ENABLE_STRICT_OBJC_MSGSEND = YES;
				ENABLE_USER_SCRIPT_SANDBOXING = YES;
				GCC_C_LANGUAGE_STANDARD = gnu17;
				GCC_NO_COMMON_BLOCKS = YES;
				GCC_WARN_64_TO_32_BIT_CONVERSION = YES;
				GCC_WARN_ABOUT_RETURN_TYPE = YES_ERROR;
				GCC_WARN_UNDECLARED_SELECTOR = YES;
				GCC_WARN_UNINITIALIZED_AUTOS = YES_AGGRESSIVE;
				GCC_WARN_UNUSED_FUNCTION = YES;
				GCC_WARN_UNUSED_VARIABLE = YES;
				IPHONEOS_DEPLOYMENT_TARGET = 17.2;
				LOCALIZATION_PREFERS_STRING_CATALOGS = YES;
				MTL_ENABLE_DEBUG_INFO = NO;
				MTL_FAST_MATH = YES;
				SDKROOT = iphoneos;
				SWIFT_COMPILATION_MODE = wholemodule;
				VALIDATE_PRODUCT = YES;
			};
			name = Release;
		};
		562993572B1671F400881E6F /* Debug */ = {
			isa = XCBuildConfiguration;
			buildSettings = {
				ASSETCATALOG_COMPILER_APPICON_NAME = AppIcon;
				ASSETCATALOG_COMPILER_GLOBAL_ACCENT_COLOR_NAME = AccentColor;
				CODE_SIGN_STYLE = Automatic;
				CURRENT_PROJECT_VERSION = 1;
				DEVELOPMENT_ASSET_PATHS = "\"TeamCApp/Preview Content\"";
				DEVELOPMENT_TEAM = "";
				ENABLE_PREVIEWS = YES;
				GENERATE_INFOPLIST_FILE = YES;
				INFOPLIST_KEY_UIApplicationSceneManifest_Generation = YES;
				INFOPLIST_KEY_UIApplicationSupportsIndirectInputEvents = YES;
				INFOPLIST_KEY_UILaunchScreen_Generation = YES;
				INFOPLIST_KEY_UISupportedInterfaceOrientations_iPad = "UIInterfaceOrientationPortrait UIInterfaceOrientationPortraitUpsideDown UIInterfaceOrientationLandscapeLeft UIInterfaceOrientationLandscapeRight";
				INFOPLIST_KEY_UISupportedInterfaceOrientations_iPhone = "UIInterfaceOrientationPortrait UIInterfaceOrientationLandscapeLeft UIInterfaceOrientationLandscapeRight";
				IPHONEOS_DEPLOYMENT_TARGET = 17.0;
				LD_RUNPATH_SEARCH_PATHS = (
					"$(inherited)",
					"@executable_path/Frameworks",
				);
				MARKETING_VERSION = 1.0;
				PRODUCT_BUNDLE_IDENTIFIER = com.yukiny.TeamCApp;
				PRODUCT_NAME = "$(TARGET_NAME)";
				SWIFT_EMIT_LOC_STRINGS = YES;
				SWIFT_VERSION = 5.0;
				TARGETED_DEVICE_FAMILY = "1,2";
			};
			name = Debug;
		};
		562993582B1671F400881E6F /* Release */ = {
			isa = XCBuildConfiguration;
			buildSettings = {
				ASSETCATALOG_COMPILER_APPICON_NAME = AppIcon;
				ASSETCATALOG_COMPILER_GLOBAL_ACCENT_COLOR_NAME = AccentColor;
				CODE_SIGN_STYLE = Automatic;
				CURRENT_PROJECT_VERSION = 1;
				DEVELOPMENT_ASSET_PATHS = "\"TeamCApp/Preview Content\"";
				DEVELOPMENT_TEAM = "";
				ENABLE_PREVIEWS = YES;
				GENERATE_INFOPLIST_FILE = YES;
				INFOPLIST_KEY_UIApplicationSceneManifest_Generation = YES;
				INFOPLIST_KEY_UIApplicationSupportsIndirectInputEvents = YES;
				INFOPLIST_KEY_UILaunchScreen_Generation = YES;
				INFOPLIST_KEY_UISupportedInterfaceOrientations_iPad = "UIInterfaceOrientationPortrait UIInterfaceOrientationPortraitUpsideDown UIInterfaceOrientationLandscapeLeft UIInterfaceOrientationLandscapeRight";
				INFOPLIST_KEY_UISupportedInterfaceOrientations_iPhone = "UIInterfaceOrientationPortrait UIInterfaceOrientationLandscapeLeft UIInterfaceOrientationLandscapeRight";
				IPHONEOS_DEPLOYMENT_TARGET = 17.0;
				LD_RUNPATH_SEARCH_PATHS = (
					"$(inherited)",
					"@executable_path/Frameworks",
				);
				MARKETING_VERSION = 1.0;
				PRODUCT_BUNDLE_IDENTIFIER = com.yukiny.TeamCApp;
				PRODUCT_NAME = "$(TARGET_NAME)";
				SWIFT_EMIT_LOC_STRINGS = YES;
				SWIFT_VERSION = 5.0;
				TARGETED_DEVICE_FAMILY = "1,2";
			};
			name = Release;
		};
/* End XCBuildConfiguration section */

/* Begin XCConfigurationList section */
		562993432B1671F300881E6F /* Build configuration list for PBXProject "TeamCApp" */ = {
			isa = XCConfigurationList;
			buildConfigurations = (
				562993542B1671F400881E6F /* Debug */,
				562993552B1671F400881E6F /* Release */,
			);
			defaultConfigurationIsVisible = 0;
			defaultConfigurationName = Release;
		};
		562993562B1671F400881E6F /* Build configuration list for PBXNativeTarget "TeamCApp" */ = {
			isa = XCConfigurationList;
			buildConfigurations = (
				562993572B1671F400881E6F /* Debug */,
				562993582B1671F400881E6F /* Release */,
			);
			defaultConfigurationIsVisible = 0;
			defaultConfigurationName = Release;
		};
/* End XCConfigurationList section */

/* Begin XCRemoteSwiftPackageReference section */
		569FB2C42B1AAD4C00A092B2 /* XCRemoteSwiftPackageReference "ym-teamc-library" */ = {
			isa = XCRemoteSwiftPackageReference;
			repositoryURL = "https://github.com/yukiny0811/ym-teamc-library";
			requirement = {
				branch = main;
				kind = branch;
			};
		};
/* End XCRemoteSwiftPackageReference section */

/* Begin XCSwiftPackageProductDependency section */
		5629935A2B16723400881E6F /* TeamCLibrary */ = {
			isa = XCSwiftPackageProductDependency;
			productName = TeamCLibrary;
		};
		569FB2C52B1AAD4C00A092B2 /* TeamCLibrary */ = {
			isa = XCSwiftPackageProductDependency;
			package = 569FB2C42B1AAD4C00A092B2 /* XCRemoteSwiftPackageReference "ym-teamc-library" */;
			productName = TeamCLibrary;
		};
/* End XCSwiftPackageProductDependency section */
	};
	rootObject = 562993402B1671F300881E6F /* Project object */;
}
